// !$*UTF8*$!
{
	archiveVersion = 1;
	classes = {
	};
	objectVersion = 56;
	objects = {

/* Begin PBXBuildFile section */
		046AF50A29EF3FBA003DB244 /* AppDelegate.swift in Sources */ = {isa = PBXBuildFile; fileRef = 046AF50929EF3FBA003DB244 /* AppDelegate.swift */; };
		046AF50C29EF3FBA003DB244 /* SceneDelegate.swift in Sources */ = {isa = PBXBuildFile; fileRef = 046AF50B29EF3FBA003DB244 /* SceneDelegate.swift */; };
		046AF50E29EF3FBA003DB244 /* UserProfileTableViewController.swift in Sources */ = {isa = PBXBuildFile; fileRef = 046AF50D29EF3FBA003DB244 /* UserProfileTableViewController.swift */; };
		046AF51129EF3FBA003DB244 /* Main.storyboard in Resources */ = {isa = PBXBuildFile; fileRef = 046AF50F29EF3FBA003DB244 /* Main.storyboard */; };
		046AF51329EF3FBE003DB244 /* Assets.xcassets in Resources */ = {isa = PBXBuildFile; fileRef = 046AF51229EF3FBE003DB244 /* Assets.xcassets */; };
		046AF51629EF3FBE003DB244 /* LaunchScreen.storyboard in Resources */ = {isa = PBXBuildFile; fileRef = 046AF51429EF3FBE003DB244 /* LaunchScreen.storyboard */; };
		046AF52329EF45AB003DB244 /* UIButton.swift in Sources */ = {isa = PBXBuildFile; fileRef = 046AF52229EF45AB003DB244 /* UIButton.swift */; };
		046AF52C29EF4A40003DB244 /* NetworkService.swift in Sources */ = {isa = PBXBuildFile; fileRef = 046AF52B29EF4A40003DB244 /* NetworkService.swift */; };
		046AF52F29EF4BC1003DB244 /* ProfileService.swift in Sources */ = {isa = PBXBuildFile; fileRef = 046AF52E29EF4BC1003DB244 /* ProfileService.swift */; };
		046AF53229EF4C60003DB244 /* User.swift in Sources */ = {isa = PBXBuildFile; fileRef = 046AF53129EF4C60003DB244 /* User.swift */; };
		046AF53429EF4C6D003DB244 /* Profile.swift in Sources */ = {isa = PBXBuildFile; fileRef = 046AF53329EF4C6D003DB244 /* Profile.swift */; };
		046AF53629EF4C79003DB244 /* Password.swift in Sources */ = {isa = PBXBuildFile; fileRef = 046AF53529EF4C79003DB244 /* Password.swift */; };
		046AF53929EF7912003DB244 /* ChangePasswordTableViewController.swift in Sources */ = {isa = PBXBuildFile; fileRef = 046AF53829EF7912003DB244 /* ChangePasswordTableViewController.swift */; };
		046AF53E29EF8104003DB244 /* Coordinator.swift in Sources */ = {isa = PBXBuildFile; fileRef = 046AF53D29EF8104003DB244 /* Coordinator.swift */; };
		046AF54029EF8119003DB244 /* Storyboarded.swift in Sources */ = {isa = PBXBuildFile; fileRef = 046AF53F29EF8119003DB244 /* Storyboarded.swift */; };
		046AF54229EF8140003DB244 /* MainCoordinator.swift in Sources */ = {isa = PBXBuildFile; fileRef = 046AF54129EF8140003DB244 /* MainCoordinator.swift */; };
		04B52B5729EF94FA007F1331 /* ChangePasswordTableViewController.storyboard in Resources */ = {isa = PBXBuildFile; fileRef = 04B52B5629EF94FA007F1331 /* ChangePasswordTableViewController.storyboard */; };
/* End PBXBuildFile section */

/* Begin PBXFileReference section */
		046AF50629EF3FBA003DB244 /* iOS FinalCodeChallange.app */ = {isa = PBXFileReference; explicitFileType = wrapper.application; includeInIndex = 0; path = "iOS FinalCodeChallange.app"; sourceTree = BUILT_PRODUCTS_DIR; };
		046AF50929EF3FBA003DB244 /* AppDelegate.swift */ = {isa = PBXFileReference; lastKnownFileType = sourcecode.swift; path = AppDelegate.swift; sourceTree = "<group>"; };
		046AF50B29EF3FBA003DB244 /* SceneDelegate.swift */ = {isa = PBXFileReference; lastKnownFileType = sourcecode.swift; path = SceneDelegate.swift; sourceTree = "<group>"; };
		046AF50D29EF3FBA003DB244 /* UserProfileTableViewController.swift */ = {isa = PBXFileReference; lastKnownFileType = sourcecode.swift; path = UserProfileTableViewController.swift; sourceTree = "<group>"; };
		046AF51029EF3FBA003DB244 /* Base */ = {isa = PBXFileReference; lastKnownFileType = file.storyboard; name = Base; path = Base.lproj/Main.storyboard; sourceTree = "<group>"; };
		046AF51229EF3FBE003DB244 /* Assets.xcassets */ = {isa = PBXFileReference; lastKnownFileType = folder.assetcatalog; path = Assets.xcassets; sourceTree = "<group>"; };
		046AF51529EF3FBE003DB244 /* Base */ = {isa = PBXFileReference; lastKnownFileType = file.storyboard; name = Base; path = Base.lproj/LaunchScreen.storyboard; sourceTree = "<group>"; };
		046AF51729EF3FBE003DB244 /* Info.plist */ = {isa = PBXFileReference; lastKnownFileType = text.plist.xml; path = Info.plist; sourceTree = "<group>"; };
		046AF52229EF45AB003DB244 /* UIButton.swift */ = {isa = PBXFileReference; lastKnownFileType = sourcecode.swift; path = UIButton.swift; sourceTree = "<group>"; };
		046AF52B29EF4A40003DB244 /* NetworkService.swift */ = {isa = PBXFileReference; lastKnownFileType = sourcecode.swift; path = NetworkService.swift; sourceTree = "<group>"; };
		046AF52E29EF4BC1003DB244 /* ProfileService.swift */ = {isa = PBXFileReference; lastKnownFileType = sourcecode.swift; path = ProfileService.swift; sourceTree = "<group>"; };
		046AF53129EF4C60003DB244 /* User.swift */ = {isa = PBXFileReference; lastKnownFileType = sourcecode.swift; path = User.swift; sourceTree = "<group>"; };
		046AF53329EF4C6D003DB244 /* Profile.swift */ = {isa = PBXFileReference; lastKnownFileType = sourcecode.swift; path = Profile.swift; sourceTree = "<group>"; };
		046AF53529EF4C79003DB244 /* Password.swift */ = {isa = PBXFileReference; lastKnownFileType = sourcecode.swift; path = Password.swift; sourceTree = "<group>"; };
		046AF53829EF7912003DB244 /* ChangePasswordTableViewController.swift */ = {isa = PBXFileReference; lastKnownFileType = sourcecode.swift; path = ChangePasswordTableViewController.swift; sourceTree = "<group>"; };
		046AF53D29EF8104003DB244 /* Coordinator.swift */ = {isa = PBXFileReference; lastKnownFileType = sourcecode.swift; path = Coordinator.swift; sourceTree = "<group>"; };
		046AF53F29EF8119003DB244 /* Storyboarded.swift */ = {isa = PBXFileReference; lastKnownFileType = sourcecode.swift; path = Storyboarded.swift; sourceTree = "<group>"; };
		046AF54129EF8140003DB244 /* MainCoordinator.swift */ = {isa = PBXFileReference; lastKnownFileType = sourcecode.swift; path = MainCoordinator.swift; sourceTree = "<group>"; };
		04B52B5629EF94FA007F1331 /* ChangePasswordTableViewController.storyboard */ = {isa = PBXFileReference; fileEncoding = 4; lastKnownFileType = file.storyboard; path = ChangePasswordTableViewController.storyboard; sourceTree = "<group>"; };
/* End PBXFileReference section */

/* Begin PBXFrameworksBuildPhase section */
		046AF50329EF3FBA003DB244 /* Frameworks */ = {
			isa = PBXFrameworksBuildPhase;
			buildActionMask = 2147483647;
			files = (
			);
			runOnlyForDeploymentPostprocessing = 0;
		};
/* End PBXFrameworksBuildPhase section */

/* Begin PBXGroup section */
		046AF4FD29EF3FBA003DB244 = {
			isa = PBXGroup;
			children = (
				046AF50829EF3FBA003DB244 /* iOS FinalCodeChallange */,
				046AF50729EF3FBA003DB244 /* Products */,
			);
			sourceTree = "<group>";
		};
		046AF50729EF3FBA003DB244 /* Products */ = {
			isa = PBXGroup;
			children = (
				046AF50629EF3FBA003DB244 /* iOS FinalCodeChallange.app */,
			);
			name = Products;
			sourceTree = "<group>";
		};
		046AF50829EF3FBA003DB244 /* iOS FinalCodeChallange */ = {
			isa = PBXGroup;
			children = (
				046AF50929EF3FBA003DB244 /* AppDelegate.swift */,
				046AF50B29EF3FBA003DB244 /* SceneDelegate.swift */,
				046AF53C29EF80EC003DB244 /* Coordinator */,
				046AF52129EF459A003DB244 /* Helpers */,
				046AF52A29EF4A29003DB244 /* Newtworking */,
				046AF52D29EF4BA5003DB244 /* Services */,
				046AF53029EF4C4A003DB244 /* Models */,
				046AF52029EF42E0003DB244 /* Controllers */,
				046AF51D29EF4275003DB244 /* Views */,
				046AF51229EF3FBE003DB244 /* Assets.xcassets */,
				046AF51429EF3FBE003DB244 /* LaunchScreen.storyboard */,
				046AF51729EF3FBE003DB244 /* Info.plist */,
			);
			path = "iOS FinalCodeChallange";
			sourceTree = "<group>";
		};
		046AF51D29EF4275003DB244 /* Views */ = {
			isa = PBXGroup;
			children = (
				04B52B5629EF94FA007F1331 /* ChangePasswordTableViewController.storyboard */,
				046AF50F29EF3FBA003DB244 /* Main.storyboard */,
			);
			path = Views;
			sourceTree = "<group>";
		};
		046AF52029EF42E0003DB244 /* Controllers */ = {
			isa = PBXGroup;
			children = (
				046AF53729EF78BB003DB244 /* ChangePassword */,
				046AF52429EF47F3003DB244 /* UserProfile */,
			);
			path = Controllers;
			sourceTree = "<group>";
		};
		046AF52129EF459A003DB244 /* Helpers */ = {
			isa = PBXGroup;
			children = (
				046AF52229EF45AB003DB244 /* UIButton.swift */,
			);
			path = Helpers;
			sourceTree = "<group>";
		};
		046AF52429EF47F3003DB244 /* UserProfile */ = {
			isa = PBXGroup;
			children = (
				046AF50D29EF3FBA003DB244 /* UserProfileTableViewController.swift */,
			);
			path = UserProfile;
			sourceTree = "<group>";
		};
		046AF52A29EF4A29003DB244 /* Newtworking */ = {
			isa = PBXGroup;
			children = (
				046AF52B29EF4A40003DB244 /* NetworkService.swift */,
			);
			path = Newtworking;
			sourceTree = "<group>";
		};
		046AF52D29EF4BA5003DB244 /* Services */ = {
			isa = PBXGroup;
			children = (
				046AF52E29EF4BC1003DB244 /* ProfileService.swift */,
			);
			path = Services;
			sourceTree = "<group>";
		};
		046AF53029EF4C4A003DB244 /* Models */ = {
			isa = PBXGroup;
			children = (
				046AF53329EF4C6D003DB244 /* Profile.swift */,
				046AF53129EF4C60003DB244 /* User.swift */,
				046AF53529EF4C79003DB244 /* Password.swift */,
			);
			path = Models;
			sourceTree = "<group>";
		};
		046AF53729EF78BB003DB244 /* ChangePassword */ = {
			isa = PBXGroup;
			children = (
				046AF53829EF7912003DB244 /* ChangePasswordTableViewController.swift */,
			);
			path = ChangePassword;
			sourceTree = "<group>";
		};
		046AF53C29EF80EC003DB244 /* Coordinator */ = {
			isa = PBXGroup;
			children = (
				046AF53D29EF8104003DB244 /* Coordinator.swift */,
				046AF53F29EF8119003DB244 /* Storyboarded.swift */,
				046AF54129EF8140003DB244 /* MainCoordinator.swift */,
			);
			path = Coordinator;
			sourceTree = "<group>";
		};
/* End PBXGroup section */

/* Begin PBXNativeTarget section */
		046AF50529EF3FBA003DB244 /* iOS FinalCodeChallange */ = {
			isa = PBXNativeTarget;
			buildConfigurationList = 046AF51A29EF3FBF003DB244 /* Build configuration list for PBXNativeTarget "iOS FinalCodeChallange" */;
			buildPhases = (
				046AF50229EF3FBA003DB244 /* Sources */,
				046AF50329EF3FBA003DB244 /* Frameworks */,
				046AF50429EF3FBA003DB244 /* Resources */,
			);
			buildRules = (
			);
			dependencies = (
			);
			name = "iOS FinalCodeChallange";
			productName = "iOS FinalCodeChallange";
			productReference = 046AF50629EF3FBA003DB244 /* iOS FinalCodeChallange.app */;
			productType = "com.apple.product-type.application";
		};
/* End PBXNativeTarget section */

/* Begin PBXProject section */
		046AF4FE29EF3FBA003DB244 /* Project object */ = {
			isa = PBXProject;
			attributes = {
				BuildIndependentTargetsInParallel = 1;
				LastSwiftUpdateCheck = 1410;
				LastUpgradeCheck = 1410;
				TargetAttributes = {
					046AF50529EF3FBA003DB244 = {
						CreatedOnToolsVersion = 14.1;
					};
				};
			};
			buildConfigurationList = 046AF50129EF3FBA003DB244 /* Build configuration list for PBXProject "iOS FinalCodeChallange" */;
			compatibilityVersion = "Xcode 14.0";
			developmentRegion = en;
			hasScannedForEncodings = 0;
			knownRegions = (
				en,
				Base,
			);
			mainGroup = 046AF4FD29EF3FBA003DB244;
			productRefGroup = 046AF50729EF3FBA003DB244 /* Products */;
			projectDirPath = "";
			projectRoot = "";
			targets = (
				046AF50529EF3FBA003DB244 /* iOS FinalCodeChallange */,
			);
		};
/* End PBXProject section */

/* Begin PBXResourcesBuildPhase section */
		046AF50429EF3FBA003DB244 /* Resources */ = {
			isa = PBXResourcesBuildPhase;
			buildActionMask = 2147483647;
			files = (
				046AF51629EF3FBE003DB244 /* LaunchScreen.storyboard in Resources */,
				046AF51329EF3FBE003DB244 /* Assets.xcassets in Resources */,
				046AF51129EF3FBA003DB244 /* Main.storyboard in Resources */,
				04B52B5729EF94FA007F1331 /* ChangePasswordTableViewController.storyboard in Resources */,
			);
			runOnlyForDeploymentPostprocessing = 0;
		};
/* End PBXResourcesBuildPhase section */

/* Begin PBXSourcesBuildPhase section */
		046AF50229EF3FBA003DB244 /* Sources */ = {
			isa = PBXSourcesBuildPhase;
			buildActionMask = 2147483647;
			files = (
				046AF50E29EF3FBA003DB244 /* UserProfileTableViewController.swift in Sources */,
				046AF53929EF7912003DB244 /* ChangePasswordTableViewController.swift in Sources */,
				046AF50A29EF3FBA003DB244 /* AppDelegate.swift in Sources */,
				046AF50C29EF3FBA003DB244 /* SceneDelegate.swift in Sources */,
				046AF53229EF4C60003DB244 /* User.swift in Sources */,
				046AF52C29EF4A40003DB244 /* NetworkService.swift in Sources */,
				046AF53E29EF8104003DB244 /* Coordinator.swift in Sources */,
				046AF52329EF45AB003DB244 /* UIButton.swift in Sources */,
				046AF53429EF4C6D003DB244 /* Profile.swift in Sources */,
				046AF53629EF4C79003DB244 /* Password.swift in Sources */,
				046AF54229EF8140003DB244 /* MainCoordinator.swift in Sources */,
				046AF52F29EF4BC1003DB244 /* ProfileService.swift in Sources */,
				046AF54029EF8119003DB244 /* Storyboarded.swift in Sources */,
			);
			runOnlyForDeploymentPostprocessing = 0;
		};
/* End PBXSourcesBuildPhase section */

/* Begin PBXVariantGroup section */
		046AF50F29EF3FBA003DB244 /* Main.storyboard */ = {
			isa = PBXVariantGroup;
			children = (
				046AF51029EF3FBA003DB244 /* Base */,
			);
			name = Main.storyboard;
			sourceTree = "<group>";
		};
		046AF51429EF3FBE003DB244 /* LaunchScreen.storyboard */ = {
			isa = PBXVariantGroup;
			children = (
				046AF51529EF3FBE003DB244 /* Base */,
			);
			name = LaunchScreen.storyboard;
			sourceTree = "<group>";
		};
/* End PBXVariantGroup section */

/* Begin XCBuildConfiguration section */
		046AF51829EF3FBE003DB244 /* Debug */ = {
			isa = XCBuildConfiguration;
			buildSettings = {
				ALWAYS_SEARCH_USER_PATHS = NO;
				CLANG_ANALYZER_NONNULL = YES;
				CLANG_ANALYZER_NUMBER_OBJECT_CONVERSION = YES_AGGRESSIVE;
				CLANG_CXX_LANGUAGE_STANDARD = "gnu++20";
				CLANG_ENABLE_MODULES = YES;
				CLANG_ENABLE_OBJC_ARC = YES;
				CLANG_ENABLE_OBJC_WEAK = YES;
				CLANG_WARN_BLOCK_CAPTURE_AUTORELEASING = YES;
				CLANG_WARN_BOOL_CONVERSION = YES;
				CLANG_WARN_COMMA = YES;
				CLANG_WARN_CONSTANT_CONVERSION = YES;
				CLANG_WARN_DEPRECATED_OBJC_IMPLEMENTATIONS = YES;
				CLANG_WARN_DIRECT_OBJC_ISA_USAGE = YES_ERROR;
				CLANG_WARN_DOCUMENTATION_COMMENTS = YES;
				CLANG_WARN_EMPTY_BODY = YES;
				CLANG_WARN_ENUM_CONVERSION = YES;
				CLANG_WARN_INFINITE_RECURSION = YES;
				CLANG_WARN_INT_CONVERSION = YES;
				CLANG_WARN_NON_LITERAL_NULL_CONVERSION = YES;
				CLANG_WARN_OBJC_IMPLICIT_RETAIN_SELF = YES;
				CLANG_WARN_OBJC_LITERAL_CONVERSION = YES;
				CLANG_WARN_OBJC_ROOT_CLASS = YES_ERROR;
				CLANG_WARN_QUOTED_INCLUDE_IN_FRAMEWORK_HEADER = YES;
				CLANG_WARN_RANGE_LOOP_ANALYSIS = YES;
				CLANG_WARN_STRICT_PROTOTYPES = YES;
				CLANG_WARN_SUSPICIOUS_MOVE = YES;
				CLANG_WARN_UNGUARDED_AVAILABILITY = YES_AGGRESSIVE;
				CLANG_WARN_UNREACHABLE_CODE = YES;
				CLANG_WARN__DUPLICATE_METHOD_MATCH = YES;
				COPY_PHASE_STRIP = NO;
				DEBUG_INFORMATION_FORMAT = dwarf;
				ENABLE_STRICT_OBJC_MSGSEND = YES;
				ENABLE_TESTABILITY = YES;
				GCC_C_LANGUAGE_STANDARD = gnu11;
				GCC_DYNAMIC_NO_PIC = NO;
				GCC_NO_COMMON_BLOCKS = YES;
				GCC_OPTIMIZATION_LEVEL = 0;
				GCC_PREPROCESSOR_DEFINITIONS = (
					"DEBUG=1",
					"$(inherited)",
				);
				GCC_WARN_64_TO_32_BIT_CONVERSION = YES;
				GCC_WARN_ABOUT_RETURN_TYPE = YES_ERROR;
				GCC_WARN_UNDECLARED_SELECTOR = YES;
				GCC_WARN_UNINITIALIZED_AUTOS = YES_AGGRESSIVE;
				GCC_WARN_UNUSED_FUNCTION = YES;
				GCC_WARN_UNUSED_VARIABLE = YES;
				IPHONEOS_DEPLOYMENT_TARGET = 16.1;
				MTL_ENABLE_DEBUG_INFO = INCLUDE_SOURCE;
				MTL_FAST_MATH = YES;
				ONLY_ACTIVE_ARCH = YES;
				SDKROOT = iphoneos;
				SWIFT_ACTIVE_COMPILATION_CONDITIONS = DEBUG;
				SWIFT_OPTIMIZATION_LEVEL = "-Onone";
			};
			name = Debug;
		};
		046AF51929EF3FBE003DB244 /* Release */ = {
			isa = XCBuildConfiguration;
			buildSettings = {
				ALWAYS_SEARCH_USER_PATHS = NO;
				CLANG_ANALYZER_NONNULL = YES;
				CLANG_ANALYZER_NUMBER_OBJECT_CONVERSION = YES_AGGRESSIVE;
				CLANG_CXX_LANGUAGE_STANDARD = "gnu++20";
				CLANG_ENABLE_MODULES = YES;
				CLANG_ENABLE_OBJC_ARC = YES;
				CLANG_ENABLE_OBJC_WEAK = YES;
				CLANG_WARN_BLOCK_CAPTURE_AUTORELEASING = YES;
				CLANG_WARN_BOOL_CONVERSION = YES;
				CLANG_WARN_COMMA = YES;
				CLANG_WARN_CONSTANT_CONVERSION = YES;
				CLANG_WARN_DEPRECATED_OBJC_IMPLEMENTATIONS = YES;
				CLANG_WARN_DIRECT_OBJC_ISA_USAGE = YES_ERROR;
				CLANG_WARN_DOCUMENTATION_COMMENTS = YES;
				CLANG_WARN_EMPTY_BODY = YES;
				CLANG_WARN_ENUM_CONVERSION = YES;
				CLANG_WARN_INFINITE_RECURSION = YES;
				CLANG_WARN_INT_CONVERSION = YES;
				CLANG_WARN_NON_LITERAL_NULL_CONVERSION = YES;
				CLANG_WARN_OBJC_IMPLICIT_RETAIN_SELF = YES;
				CLANG_WARN_OBJC_LITERAL_CONVERSION = YES;
				CLANG_WARN_OBJC_ROOT_CLASS = YES_ERROR;
				CLANG_WARN_QUOTED_INCLUDE_IN_FRAMEWORK_HEADER = YES;
				CLANG_WARN_RANGE_LOOP_ANALYSIS = YES;
				CLANG_WARN_STRICT_PROTOTYPES = YES;
				CLANG_WARN_SUSPICIOUS_MOVE = YES;
				CLANG_WARN_UNGUARDED_AVAILABILITY = YES_AGGRESSIVE;
				CLANG_WARN_UNREACHABLE_CODE = YES;
				CLANG_WARN__DUPLICATE_METHOD_MATCH = YES;
				COPY_PHASE_STRIP = NO;
				DEBUG_INFORMATION_FORMAT = "dwarf-with-dsym";
				ENABLE_NS_ASSERTIONS = NO;
				ENABLE_STRICT_OBJC_MSGSEND = YES;
				GCC_C_LANGUAGE_STANDARD = gnu11;
				GCC_NO_COMMON_BLOCKS = YES;
				GCC_WARN_64_TO_32_BIT_CONVERSION = YES;
				GCC_WARN_ABOUT_RETURN_TYPE = YES_ERROR;
				GCC_WARN_UNDECLARED_SELECTOR = YES;
				GCC_WARN_UNINITIALIZED_AUTOS = YES_AGGRESSIVE;
				GCC_WARN_UNUSED_FUNCTION = YES;
				GCC_WARN_UNUSED_VARIABLE = YES;
				IPHONEOS_DEPLOYMENT_TARGET = 16.1;
				MTL_ENABLE_DEBUG_INFO = NO;
				MTL_FAST_MATH = YES;
				SDKROOT = iphoneos;
				SWIFT_COMPILATION_MODE = wholemodule;
				SWIFT_OPTIMIZATION_LEVEL = "-O";
				VALIDATE_PRODUCT = YES;
			};
			name = Release;
		};
		046AF51B29EF3FBF003DB244 /* Debug */ = {
			isa = XCBuildConfiguration;
			buildSettings = {
				ASSETCATALOG_COMPILER_APPICON_NAME = AppIcon;
				ASSETCATALOG_COMPILER_GLOBAL_ACCENT_COLOR_NAME = AccentColor;
				CODE_SIGN_STYLE = Automatic;
				CURRENT_PROJECT_VERSION = 1;
				DEVELOPMENT_TEAM = 2BA4KTCS56;
				GENERATE_INFOPLIST_FILE = YES;
				INFOPLIST_FILE = "iOS FinalCodeChallange/Info.plist";
				INFOPLIST_KEY_UIApplicationSupportsIndirectInputEvents = YES;
				INFOPLIST_KEY_UILaunchStoryboardName = LaunchScreen;
				INFOPLIST_KEY_UIMainStoryboardFile = Main;
				INFOPLIST_KEY_UISupportedInterfaceOrientations_iPad = "UIInterfaceOrientationPortrait UIInterfaceOrientationPortraitUpsideDown UIInterfaceOrientationLandscapeLeft UIInterfaceOrientationLandscapeRight";
				INFOPLIST_KEY_UISupportedInterfaceOrientations_iPhone = "UIInterfaceOrientationPortrait UIInterfaceOrientationLandscapeLeft UIInterfaceOrientationLandscapeRight";
				LD_RUNPATH_SEARCH_PATHS = (
					"$(inherited)",
					"@executable_path/Frameworks",
				);
				MARKETING_VERSION = 1.0;
				PRODUCT_BUNDLE_IDENTIFIER = "com.MarianPliatsko.iOS-FinalCodeChallange";
				PRODUCT_NAME = "$(TARGET_NAME)";
				SWIFT_EMIT_LOC_STRINGS = YES;
				SWIFT_VERSION = 5.0;
				TARGETED_DEVICE_FAMILY = "1,2";
			};
			name = Debug;
		};
		046AF51C29EF3FBF003DB244 /* Release */ = {
			isa = XCBuildConfiguration;
			buildSettings = {
				ASSETCATALOG_COMPILER_APPICON_NAME = AppIcon;
				ASSETCATALOG_COMPILER_GLOBAL_ACCENT_COLOR_NAME = AccentColor;
				CODE_SIGN_STYLE = Automatic;
				CURRENT_PROJECT_VERSION = 1;
				DEVELOPMENT_TEAM = 2BA4KTCS56;
				GENERATE_INFOPLIST_FILE = YES;
				INFOPLIST_FILE = "iOS FinalCodeChallange/Info.plist";
				INFOPLIST_KEY_UIApplicationSupportsIndirectInputEvents = YES;
				INFOPLIST_KEY_UILaunchStoryboardName = LaunchScreen;
				INFOPLIST_KEY_UIMainStoryboardFile = Main;
				INFOPLIST_KEY_UISupportedInterfaceOrientations_iPad = "UIInterfaceOrientationPortrait UIInterfaceOrientationPortraitUpsideDown UIInterfaceOrientationLandscapeLeft UIInterfaceOrientationLandscapeRight";
				INFOPLIST_KEY_UISupportedInterfaceOrientations_iPhone = "UIInterfaceOrientationPortrait UIInterfaceOrientationLandscapeLeft UIInterfaceOrientationLandscapeRight";
				LD_RUNPATH_SEARCH_PATHS = (
					"$(inherited)",
					"@executable_path/Frameworks",
				);
				MARKETING_VERSION = 1.0;
				PRODUCT_BUNDLE_IDENTIFIER = "com.MarianPliatsko.iOS-FinalCodeChallange";
				PRODUCT_NAME = "$(TARGET_NAME)";
				SWIFT_EMIT_LOC_STRINGS = YES;
				SWIFT_VERSION = 5.0;
				TARGETED_DEVICE_FAMILY = "1,2";
			};
			name = Release;
		};
/* End XCBuildConfiguration section */

/* Begin XCConfigurationList section */
		046AF50129EF3FBA003DB244 /* Build configuration list for PBXProject "iOS FinalCodeChallange" */ = {
			isa = XCConfigurationList;
			buildConfigurations = (
				046AF51829EF3FBE003DB244 /* Debug */,
				046AF51929EF3FBE003DB244 /* Release */,
			);
			defaultConfigurationIsVisible = 0;
			defaultConfigurationName = Release;
		};
		046AF51A29EF3FBF003DB244 /* Build configuration list for PBXNativeTarget "iOS FinalCodeChallange" */ = {
			isa = XCConfigurationList;
			buildConfigurations = (
				046AF51B29EF3FBF003DB244 /* Debug */,
				046AF51C29EF3FBF003DB244 /* Release */,
			);
			defaultConfigurationIsVisible = 0;
			defaultConfigurationName = Release;
		};
/* End XCConfigurationList section */
	};
	rootObject = 046AF4FE29EF3FBA003DB244 /* Project object */;
}
